<?xml version="1.0" encoding="utf-8"?>
<Project ToolsVersion="4.0" xmlns="http://schemas.microsoft.com/developer/msbuild/2003">
  <ItemGroup>
    <Filter Include="Source Files">
      <UniqueIdentifier>{4FC737F1-C7A5-4376-A066-2A32D752A2FF}</UniqueIdentifier>
      <Extensions>cpp;c;cc;cxx;c++;cppm;ixx;def;odl;idl;hpj;bat;asm;asmx</Extensions>
    </Filter>
    <Filter Include="Header Files">
      <UniqueIdentifier>{93995380-89BD-4b04-88EB-625FBE52EBFB}</UniqueIdentifier>
      <Extensions>h;hh;hpp;hxx;h++;hm;inl;inc;ipp;xsd</Extensions>
    </Filter>
    <Filter Include="Resource Files">
      <UniqueIdentifier>{67DA6AB6-F800-4c08-8B7A-83BB121AAD01}</UniqueIdentifier>
      <Extensions>rc;ico;cur;bmp;dlg;rc2;rct;bin;rgs;gif;jpg;jpeg;jpe;resx;tiff;tif;png;wav;mfcribbon-ms</Extensions>
    </Filter>
  </ItemGroup>
  <ItemGroup>
    <ClCompile Include="Main.cpp">
      <Filter>Source Files</Filter>
    </ClCompile>
    <ClCompile Include="Engine\Audio.cpp">
      <Filter>Source Files</Filter>
    </ClCompile>
    <ClCompile Include="Engine\Entity.cpp">
      <Filter>Source Files</Filter>
    </ClCompile>
    <ClCompile Include="Engine\Sprite.cpp">
      <Filter>Source Files</Filter>
    </ClCompile>
    <ClCompile Include="Engine\Timer.cpp">
      <Filter>Source Files</Filter>
    </ClCompile>
    <ClCompile Include="Engine\Window.cpp">
      <Filter>Source Files</Filter>
    </ClCompile>
    <ClCompile Include="Engine\UI.cpp">
      <Filter>Source Files</Filter>
    </ClCompile>
  </ItemGroup>
  <ItemGroup>
    <ClInclude Include="Engine\Audio.h">
      <Filter>Header Files</Filter>
    </ClInclude>
    <ClInclude Include="Engine\Entity.h">
      <Filter>Header Files</Filter>
    </ClInclude>
    <ClInclude Include="Engine\GameManager.h">
      <Filter>Header Files</Filter>
    </ClInclude>
    <ClInclude Include="Engine\Sprite.h">
      <Filter>Header Files</Filter>
    </ClInclude>
    <ClInclude Include="Engine\Timer.h">
      <Filter>Header Files</Filter>
    </ClInclude>
    <ClInclude Include="Engine\Window.h">
      <Filter>Header Files</Filter>
    </ClInclude>
    <ClInclude Include="Engine\Engine.h">
      <Filter>Header Files</Filter>
    </ClInclude>
    <ClInclude Include="Engine\UI.h">
      <Filter>Header Files</Filter>
    </ClInclude>
  </ItemGroup>
  <ItemGroup>
    <Image Include="res\images\background.png">
      <Filter>Resource Files</Filter>
    </Image>
    <Image Include="res\images\bullet.png">
      <Filter>Resource Files</Filter>
    </Image>
    <Image Include="res\images\space-ship.png">
      <Filter>Resource Files</Filter>
    </Image>
    <Image Include="res\images\asteroid.png">
      <Filter>Resource Files</Filter>
    </Image>
    <Image Include="res\images\sprites\explosion.png">
      <Filter>Resource Files</Filter>
    </Image>
    <Image Include="res\images\asteroid2.png">
      <Filter>Resource Files</Filter>
    </Image>
    <Image Include="res\images\sprites\explosion2.png">
      <Filter>Resource Files</Filter>
    </Image>
    <Image Include="res\images\enemy-ship.png">
      <Filter>Resource Files</Filter>
    </Image>
    <Image Include="res\images\sprites\enemySprite.png">
      <Filter>Resource Files</Filter>
    </Image>
    <Image Include="res\images\health.png">
      <Filter>Resource Files</Filter>
    </Image>
    <Image Include="res\images\UI\Controls.png">
      <Filter>Resource Files</Filter>
    </Image>
    <Image Include="res\images\UI\Restart.png">
      <Filter>Resource Files</Filter>
    </Image>
    <Image Include="res\images\UI\Play.png">
      <Filter>Resource Files</Filter>
    </Image>
    <Image Include="res\images\UI\Quit.png">
      <Filter>Resource Files</Filter>
    </Image>
    <Image Include="res\images\UI\ship.png">
      <Filter>Resource Files</Filter>
    </Image>
    <Image Include="res\images\UI\Button.png">
      <Filter>Resource Files</Filter>
    </Image>
    <Image Include="res\images\UI\Text.png">
      <Filter>Resource Files</Filter>
    </Image>
    <Image Include="res\images\UI\ControlsText.png">
      <Filter>Resource Files</Filter>
    </Image>
    <Image Include="res\images\UI\Game-over.png">
      <Filter>Resource Files</Filter>
    </Image>
    <Image Include="res\images\power.png">
      <Filter>Resource Files</Filter>
    </Image>
  </ItemGroup>
  <ItemGroup>
    <Font Include="res\fonts\Pointless.ttf" />
    <Font Include="res\fonts\SPACE.ttf" />
    <Font Include="res\fonts\American Captain.ttf" />
  </ItemGroup>
  <ItemGroup>
    <Media Include="res\audio\bullet-enemy-explosion.wav">
      <Filter>Resource Files</Filter>
    </Media>
    <Media Include="res\audio\bullet-nuke-explosion.wav">
      <Filter>Resource Files</Filter>
    </Media>
    <Media Include="res\audio\button-click.wav">
      <Filter>Resource Files</Filter>
    </Media>
    <Media Include="res\audio\laser-shoot.wav">
      <Filter>Resource Files</Filter>
    </Media>
    <Media Include="res\audio\player-hurt.wav">
      <Filter>Resource Files</Filter>
    </Media>
    <Media Include="res\audio\hover.wav">
      <Filter>Resource Files</Filter>
    </Media>
    <Media Include="res\audio\click.wav">
      <Filter>Resource Files</Filter>
    </Media>
  </ItemGroup>
  <ItemGroup>
    <None Include="res\audio\Game-music.ogg" />
    <None Include="res\audio\TitleScreen-music.ogg" />
  </ItemGroup>
</Project>